
Microsoft Visual Studio Solution File, Format Version 12.00
# Visual Studio Version 17
VisualStudioVersion = 17.7.34221.43
MinimumVisualStudioVersion = 10.0.40219.1
Project("{9A19103F-16F7-4668-BE54-9A1E7A4F7556}") = "OgrenciNotHesabı_IfElse", "OgrenciNotHesabı_IfElse\OgrenciNotHesabı_IfElse.csproj", "{52AE05A2-427D-4A9D-899F-574AC27DEE28}"
EndProject
Project("{9A19103F-16F7-4668-BE54-9A1E7A4F7556}") = "AlisveriIndirimTutari", "AlisveriIndirimTutari\AlisveriIndirimTutari.csproj", "{02AAC03A-3511-4820-BFE6-B856EECA5E4E}"
EndProject
Project("{FAE04EC0-301F-11D3-BF4B-00C04F79EFBC}") = "BilgiYarismasi1", "BilgiYarismasi1\BilgiYarismasi1.csproj", "{65E9CA0E-FBFC-4EEB-BF0F-4C5E6A4ED30A}"
EndProject
Global
	GlobalSection(SolutionConfigurationPlatforms) = preSolution
		Debug|Any CPU = Debug|Any CPU
		Release|Any CPU = Release|Any CPU
	EndGlobalSection
	GlobalSection(ProjectConfigurationPlatforms) = postSolution
		{52AE05A2-427D-4A9D-899F-574AC27DEE28}.Debug|Any CPU.ActiveCfg = Debug|Any CPU
		{52AE05A2-427D-4A9D-899F-574AC27DEE28}.Debug|Any CPU.Build.0 = Debug|Any CPU
		{52AE05A2-427D-4A9D-899F-574AC27DEE28}.Release|Any CPU.ActiveCfg = Release|Any CPU
		{52AE05A2-427D-4A9D-899F-574AC27DEE28}.Release|Any CPU.Build.0 = Release|Any CPU
		{02AAC03A-3511-4820-BFE6-B856EECA5E4E}.Debug|Any CPU.ActiveCfg = Debug|Any CPU
		{02AAC03A-3511-4820-BFE6-B856EECA5E4E}.Debug|Any CPU.Build.0 = Debug|Any CPU
		{02AAC03A-3511-4820-BFE6-B856EECA5E4E}.Release|Any CPU.ActiveCfg = Release|Any CPU
		{02AAC03A-3511-4820-BFE6-B856EECA5E4E}.Release|Any CPU.Build.0 = Release|Any CPU
		{65E9CA0E-FBFC-4EEB-BF0F-4C5E6A4ED30A}.Debug|Any CPU.ActiveCfg = Debug|Any CPU
		{65E9CA0E-FBFC-4EEB-BF0F-4C5E6A4ED30A}.Debug|Any CPU.Build.0 = Debug|Any CPU
		{65E9CA0E-FBFC-4EEB-BF0F-4C5E6A4ED30A}.Release|Any CPU.ActiveCfg = Release|Any CPU
		{65E9CA0E-FBFC-4EEB-BF0F-4C5E6A4ED30A}.Release|Any CPU.Build.0 = Release|Any CPU
	EndGlobalSection
	GlobalSection(SolutionProperties) = preSolution
		HideSolutionNode = FALSE
	EndGlobalSection
	GlobalSection(ExtensibilityGlobals) = postSolution
		SolutionGuid = {3D77E37A-F852-453C-A64B-FD36666BA4C2}
	EndGlobalSection
EndGlobal
